{
  "requires": true,
  "lockfileVersion": 1,
  "dependencies": {
    "@fontsource/ibm-plex-sans": {
      "version": "5.0.18",
      "resolved": "https://registry.npmjs.org/@fontsource/ibm-plex-sans/-/ibm-plex-sans-5.0.18.tgz",
      "integrity": "sha512-xdtDTt5Ifdjdx//R8aAskULQuNR34D81pYTaZtk3q3fE7Fh2UDGHKCvlAoChG9NajThoLN+8PCrT0/cy/Dt5jg=="
    }
  }
}
